// !$*UTF8*$!
{
	archiveVersion = 1;
	classes = {
	};
	objectVersion = 46;
	objects = {

/* Begin PBXBuildFile section */
		7749F0581F71B62300282465 /* AppDelegate.swift in Sources */ = {isa = PBXBuildFile; fileRef = 7749F0571F71B62300282465 /* AppDelegate.swift */; };
		7749F05A1F71B62300282465 /* ViewController.swift in Sources */ = {isa = PBXBuildFile; fileRef = 7749F0591F71B62300282465 /* ViewController.swift */; };
		7749F05D1F71B62300282465 /* Main.storyboard in Resources */ = {isa = PBXBuildFile; fileRef = 7749F05B1F71B62300282465 /* Main.storyboard */; };
		7749F05F1F71B62300282465 /* Assets.xcassets in Resources */ = {isa = PBXBuildFile; fileRef = 7749F05E1F71B62300282465 /* Assets.xcassets */; };
		7749F0621F71B62300282465 /* LaunchScreen.storyboard in Resources */ = {isa = PBXBuildFile; fileRef = 7749F0601F71B62300282465 /* LaunchScreen.storyboard */; };
/* End PBXBuildFile section */

/* Begin PBXFileReference section */
		7749F0541F71B62300282465 /* Calculator_.app */ = {isa = PBXFileReference; explicitFileType = wrapper.application; includeInIndex = 0; path = Calculator_.app; sourceTree = BUILT_PRODUCTS_DIR; };
		7749F0571F71B62300282465 /* AppDelegate.swift */ = {isa = PBXFileReference; lastKnownFileType = sourcecode.swift; path = AppDelegate.swift; sourceTree = "<group>"; };
		7749F0591F71B62300282465 /* ViewController.swift */ = {isa = PBXFileReference; lastKnownFileType = sourcecode.swift; path = ViewController.swift; sourceTree = "<group>"; };
		7749F05C1F71B62300282465 /* Base */ = {isa = PBXFileReference; lastKnownFileType = file.storyboard; name = Base; path = Base.lproj/Main.storyboard; sourceTree = "<group>"; };
		7749F05E1F71B62300282465 /* Assets.xcassets */ = {isa = PBXFileReference; lastKnownFileType = folder.assetcatalog; path = Assets.xcassets; sourceTree = "<group>"; };
		7749F0611F71B62300282465 /* Base */ = {isa = PBXFileReference; lastKnownFileType = file.storyboard; name = Base; path = Base.lproj/LaunchScreen.storyboard; sourceTree = "<group>"; };
		7749F0631F71B62300282465 /* Info.plist */ = {isa = PBXFileReference; lastKnownFileType = text.plist.xml; path = Info.plist; sourceTree = "<group>"; };
/* End PBXFileReference section */

/* Begin PBXFrameworksBuildPhase section */
		7749F0511F71B62300282465 /* Frameworks */ = {
			isa = PBXFrameworksBuildPhase;
			buildActionMask = 2147483647;
			files = (
			);
			runOnlyForDeploymentPostprocessing = 0;
		};
/* End PBXFrameworksBuildPhase section */

/* Begin PBXGroup section */
		7749F04B1F71B62300282465 = {
			isa = PBXGroup;
			children = (
				7749F0561F71B62300282465 /* Calculator_ */,
				7749F0551F71B62300282465 /* Products */,
			);
			sourceTree = "<group>";
		};
		7749F0551F71B62300282465 /* Products */ = {
			isa = PBXGroup;
			children = (
				7749F0541F71B62300282465 /* Calculator_.app */,
			);
			name = Products;
			sourceTree = "<group>";
		};
		7749F0561F71B62300282465 /* Calculator_ */ = {
			isa = PBXGroup;
			children = (
				7749F0571F71B62300282465 /* AppDelegate.swift */,
				7749F0591F71B62300282465 /* ViewController.swift */,
				7749F05B1F71B62300282465 /* Main.storyboard */,
				7749F05E1F71B62300282465 /* Assets.xcassets */,
				7749F0601F71B62300282465 /* LaunchScreen.storyboard */,
				7749F0631F71B62300282465 /* Info.plist */,
			);
			path = Calculator_;
			sourceTree = "<group>";
		};
/* End PBXGroup section */

/* Begin PBXNativeTarget section */
		7749F0531F71B62300282465 /* Calculator_ */ = {
			isa = PBXNativeTarget;
			buildConfigurationList = 7749F0661F71B62300282465 /* Build configuration list for PBXNativeTarget "Calculator_" */;
			buildPhases = (
				7749F0501F71B62300282465 /* Sources */,
				7749F0511F71B62300282465 /* Frameworks */,
				7749F0521F71B62300282465 /* Resources */,
			);
			buildRules = (
			);
			dependencies = (
			);
			name = Calculator_;
			productName = Calculator_;
			productReference = 7749F0541F71B62300282465 /* Calculator_.app */;
			productType = "com.apple.product-type.application";
		};
/* End PBXNativeTarget section */

/* Begin PBXProject section */
		7749F04C1F71B62300282465 /* Project object */ = {
			isa = PBXProject;
			attributes = {
				LastSwiftUpdateCheck = 0820;
				LastUpgradeCheck = 0820;
				ORGANIZATIONNAME = MalcolmChen;
				TargetAttributes = {
					7749F0531F71B62300282465 = {
						CreatedOnToolsVersion = 8.2.1;
						ProvisioningStyle = Automatic;
					};
				};
			};
			buildConfigurationList = 7749F04F1F71B62300282465 /* Build configuration list for PBXProject "Calculator_" */;
			compatibilityVersion = "Xcode 3.2";
			developmentRegion = English;
			hasScannedForEncodings = 0;
			knownRegions = (
				en,
				Base,
			);
			mainGroup = 7749F04B1F71B62300282465;
			productRefGroup = 7749F0551F71B62300282465 /* Products */;
			projectDirPath = "";
			projectRoot = "";
			targets = (
				7749F0531F71B62300282465 /* Calculator_ */,
			);
		};
/* End PBXProject section */

/* Begin PBXResourcesBuildPhase section */
		7749F0521F71B62300282465 /* Resources */ = {
			isa = PBXResourcesBuildPhase;
			buildActionMask = 2147483647;
			files = (
				7749F0621F71B62300282465 /* LaunchScreen.storyboard in Resources */,
				7749F05F1F71B62300282465 /* Assets.xcassets in Resources */,
				7749F05D1F71B62300282465 /* Main.storyboard in Resources */,
			);
			runOnlyForDeploymentPostprocessing = 0;
		};
/* End PBXResourcesBuildPhase section */

/* Begin PBXSourcesBuildPhase section */
		7749F0501F71B62300282465 /* Sources */ = {
			isa = PBXSourcesBuildPhase;
			buildActionMask = 2147483647;
			files = (
				7749F05A1F71B62300282465 /* ViewController.swift in Sources */,
				7749F0581F71B62300282465 /* AppDelegate.swift in Sources */,
			);
			runOnlyForDeploymentPostprocessing = 0;
		};
/* End PBXSourcesBuildPhase section */

/* Begin PBXVariantGroup section */
		7749F05B1F71B62300282465 /* Main.storyboard */ = {
			isa = PBXVariantGroup;
			children = (
				7749F05C1F71B62300282465 /* Base */,
			);
			name = Main.storyboard;
			sourceTree = "<group>";
		};
		7749F0601F71B62300282465 /* LaunchScreen.storyboard */ = {
			isa = PBXVariantGroup;
			children = (
				7749F0611F71B62300282465 /* Base */,
			);
			name = LaunchScreen.storyboard;
			sourceTree = "<group>";
		};
/* End PBXVariantGroup section */

/* Begin XCBuildConfiguration section */
		7749F0641F71B62300282465 /* Debug */ = {
			isa = XCBuildConfiguration;
			buildSettings = {
				ALWAYS_SEARCH_USER_PATHS = NO;
				CLANG_ANALYZER_NONNULL = YES;
				CLANG_CXX_LANGUAGE_STANDARD = "gnu++0x";
				CLANG_CXX_LIBRARY = "libc++";
				CLANG_ENABLE_MODULES = YES;
				CLANG_ENABLE_OBJC_ARC = YES;
				CLANG_WARN_BOOL_CONVERSION = YES;
				CLANG_WARN_CONSTANT_CONVERSION = YES;
				CLANG_WARN_DIRECT_OBJC_ISA_USAGE = YES_ERROR;
				CLANG_WARN_DOCUMENTATION_COMMENTS = YES;
				CLANG_WARN_EMPTY_BODY = YES;
				CLANG_WARN_ENUM_CONVERSION = YES;
				CLANG_WARN_INFINITE_RECURSION = YES;
				CLANG_WARN_INT_CONVERSION = YES;
				CLANG_WARN_OBJC_ROOT_CLASS = YES_ERROR;
				CLANG_WARN_SUSPICIOUS_MOVE = YES;
				CLANG_WARN_UNREACHABLE_CODE = YES;
				CLANG_WARN__DUPLICATE_METHOD_MATCH = YES;
				"CODE_SIGN_IDENTITY[sdk=iphoneos*]" = "iPhone Developer";
				COPY_PHASE_STRIP = NO;
				DEBUG_INFORMATION_FORMAT = dwarf;
				ENABLE_STRICT_OBJC_MSGSEND = YES;
				ENABLE_TESTABILITY = YES;
				GCC_C_LANGUAGE_STANDARD = gnu99;
				GCC_DYNAMIC_NO_PIC = NO;
				GCC_NO_COMMON_BLOCKS = YES;
				GCC_OPTIMIZATION_LEVEL = 0;
				GCC_PREPROCESSOR_DEFINITIONS = (
					"DEBUG=1",
					"$(inherited)",
				);
				GCC_WARN_64_TO_32_BIT_CONVERSION = YES;
				GCC_WARN_ABOUT_RETURN_TYPE = YES_ERROR;
				GCC_WARN_UNDECLARED_SELECTOR = YES;
				GCC_WARN_UNINITIALIZED_AUTOS = YES_AGGRESSIVE;
				GCC_WARN_UNUSED_FUNCTION = YES;
				GCC_WARN_UNUSED_VARIABLE = YES;
				IPHONEOS_DEPLOYMENT_TARGET = 10.2;
				MTL_ENABLE_DEBUG_INFO = YES;
				ONLY_ACTIVE_ARCH = YES;
				SDKROOT = iphoneos;
				SWIFT_ACTIVE_COMPILATION_CONDITIONS = DEBUG;
				SWIFT_OPTIMIZATION_LEVEL = "-Onone";
				TARGETED_DEVICE_FAMILY = "1,2";
			};
			name = Debug;
		};
		7749F0651F71B62300282465 /* Release */ = {
			isa = XCBuildConfiguration;
			buildSettings = {
				ALWAYS_SEARCH_USER_PATHS = NO;
				CLANG_ANALYZER_NONNULL = YES;
				CLANG_CXX_LANGUAGE_STANDARD = "gnu++0x";
				CLANG_CXX_LIBRARY = "libc++";
				CLANG_ENABLE_MODULES = YES;
				CLANG_ENABLE_OBJC_ARC = YES;
				CLANG_WARN_BOOL_CONVERSION = YES;
				CLANG_WARN_CONSTANT_CONVERSION = YES;
				CLANG_WARN_DIRECT_OBJC_ISA_USAGE = YES_ERROR;
				CLANG_WARN_DOCUMENTATION_COMMENTS = YES;
				CLANG_WARN_EMPTY_BODY = YES;
				CLANG_WARN_ENUM_CONVERSION = YES;
				CLANG_WARN_INFINITE_RECURSION = YES;
				CLANG_WARN_INT_CONVERSION = YES;
				CLANG_WARN_OBJC_ROOT_CLASS = YES_ERROR;
				CLANG_WARN_SUSPICIOUS_MOVE = YES;
				CLANG_WARN_UNREACHABLE_CODE = YES;
				CLANG_WARN__DUPLICATE_METHOD_MATCH = YES;
				"CODE_SIGN_IDENTITY[sdk=iphoneos*]" = "iPhone Developer";
				COPY_PHASE_STRIP = NO;
				DEBUG_INFORMATION_FORMAT = "dwarf-with-dsym";
				ENABLE_NS_ASSERTIONS = NO;
				ENABLE_STRICT_OBJC_MSGSEND = YES;
				GCC_C_LANGUAGE_STANDARD = gnu99;
				GCC_NO_COMMON_BLOCKS = YES;
				GCC_WARN_64_TO_32_BIT_CONVERSION = YES;
				GCC_WARN_ABOUT_RETURN_TYPE = YES_ERROR;
				GCC_WARN_UNDECLARED_SELECTOR = YES;
				GCC_WARN_UNINITIALIZED_AUTOS = YES_AGGRESSIVE;
				GCC_WARN_UNUSED_FUNCTION = YES;
				GCC_WARN_UNUSED_VARIABLE = YES;
				IPHONEOS_DEPLOYMENT_TARGET = 10.2;
				MTL_ENABLE_DEBUG_INFO = NO;
				SDKROOT = iphoneos;
				SWIFT_OPTIMIZATION_LEVEL = "-Owholemodule";
				TARGETED_DEVICE_FAMILY = "1,2";
				VALIDATE_PRODUCT = YES;
			};
			name = Release;
		};
		7749F0671F71B62300282465 /* Debug */ = {
			isa = XCBuildConfiguration;
			buildSettings = {
				ASSETCATALOG_COMPILER_APPICON_NAME = AppIcon;
				INFOPLIST_FILE = Calculator_/Info.plist;
				LD_RUNPATH_SEARCH_PATHS = "$(inherited) @executable_path/Frameworks";
				PRODUCT_BUNDLE_IDENTIFIER = "malcolm.Calculator-";
				PRODUCT_NAME = "$(TARGET_NAME)";
				SWIFT_VERSION = 3.0;
			};
			name = Debug;
		};
		7749F0681F71B62300282465 /* Release */ = {
			isa = XCBuildConfiguration;
			buildSettings = {
				ASSETCATALOG_COMPILER_APPICON_NAME = AppIcon;
				INFOPLIST_FILE = Calculator_/Info.plist;
				LD_RUNPATH_SEARCH_PATHS = "$(inherited) @executable_path/Frameworks";
				PRODUCT_BUNDLE_IDENTIFIER = "malcolm.Calculator-";
				PRODUCT_NAME = "$(TARGET_NAME)";
				SWIFT_VERSION = 3.0;
			};
			name = Release;
		};
/* End XCBuildConfiguration section */

/* Begin XCConfigurationList section */
		7749F04F1F71B62300282465 /* Build configuration list for PBXProject "Calculator_" */ = {
			isa = XCConfigurationList;
			buildConfigurations = (
				7749F0641F71B62300282465 /* Debug */,
				7749F0651F71B62300282465 /* Release */,
			);
			defaultConfigurationIsVisible = 0;
			defaultConfigurationName = Release;
		};
		7749F0661F71B62300282465 /* Build configuration list for PBXNativeTarget "Calculator_" */ = {
			isa = XCConfigurationList;
			buildConfigurations = (
				7749F0671F71B62300282465 /* Debug */,
				7749F0681F71B62300282465 /* Release */,
			);
			defaultConfigurationIsVisible = 0;
		};
/* End XCConfigurationList section */
	};
	rootObject = 7749F04C1F71B62300282465 /* Project object */;
}
